
Microsoft Visual Studio Solution File, Format Version 12.00
# Visual Studio Version 17
VisualStudioVersion = 17.7.34031.279
MinimumVisualStudioVersion = 10.0.40219.1
Project("{FAE04EC0-301F-11D3-BF4B-00C04F79EFBC}") = "ProyectoG2", "ProyectoG2\ProyectoG2.csproj", "{61047413-4D72-430C-AEF3-A3ECDBC34DB0}"
EndProject
Project("{2150E333-8FDC-42A3-9474-1A3956D46DE8}") = "1_DataAccess", "1_DataAccess", "{C3FD6BD0-5E46-4DA6-B1D0-10999F085C0A}"
EndProject
Project("{2150E333-8FDC-42A3-9474-1A3956D46DE8}") = "0_DTOs", "0_DTOs", "{90D0A6C5-9864-4DFA-81E0-10CC514DF4F3}"
EndProject
Project("{2150E333-8FDC-42A3-9474-1A3956D46DE8}") = "2_CoreApp", "2_CoreApp", "{920B6AA2-6B8F-413D-98CE-0A880454D0B1}"
EndProject
Project("{2150E333-8FDC-42A3-9474-1A3956D46DE8}") = "3_WebAPI", "3_WebAPI", "{5E03600A-D112-40EA-9A1E-663FB2A44D63}"
EndProject
Project("{2150E333-8FDC-42A3-9474-1A3956D46DE8}") = "4_WebAPP", "4_WebAPP", "{10271511-3E3E-4893-9761-34FC6D0A1DEB}"
EndProject
Project("{2150E333-8FDC-42A3-9474-1A3956D46DE8}") = "99_Test", "99_Test", "{BD57F3F9-544B-4350-A2D4-E8C7CBED990B}"
EndProject
Global
	GlobalSection(SolutionConfigurationPlatforms) = preSolution
		Debug|Any CPU = Debug|Any CPU
		Release|Any CPU = Release|Any CPU
	EndGlobalSection
	GlobalSection(ProjectConfigurationPlatforms) = postSolution
		{61047413-4D72-430C-AEF3-A3ECDBC34DB0}.Debug|Any CPU.ActiveCfg = Debug|Any CPU
		{61047413-4D72-430C-AEF3-A3ECDBC34DB0}.Debug|Any CPU.Build.0 = Debug|Any CPU
		{61047413-4D72-430C-AEF3-A3ECDBC34DB0}.Release|Any CPU.ActiveCfg = Release|Any CPU
		{61047413-4D72-430C-AEF3-A3ECDBC34DB0}.Release|Any CPU.Build.0 = Release|Any CPU
	EndGlobalSection
	GlobalSection(SolutionProperties) = preSolution
		HideSolutionNode = FALSE
	EndGlobalSection
	GlobalSection(ExtensibilityGlobals) = postSolution
		SolutionGuid = {9A65EAF8-ADD8-4801-B4D3-CE5E0813BC74}
	EndGlobalSection
EndGlobal
